
Microsoft Visual Studio Solution File, Format Version 12.00
# Visual Studio Version 16
VisualStudioVersion = 16.0.30114.105
MinimumVisualStudioVersion = 10.0.40219.1
Project("{FAE04EC0-301F-11D3-BF4B-00C04F79EFBC}") = "Bonjwa.API", "Bonjwa.API\Bonjwa.API.csproj", "{555435F0-A406-4644-B4E9-D4642C5F95FA}"
EndProject
Project("{FAE04EC0-301F-11D3-BF4B-00C04F79EFBC}") = "Bonjwa.API.Test", "Bonjwa.API.Test\Bonjwa.API.Test.csproj", "{1B400EED-FE03-436D-B0DE-84573B9DF611}"
EndProject
Global
	GlobalSection(SolutionConfigurationPlatforms) = preSolution
		Debug|Any CPU = Debug|Any CPU
		Debug|x64 = Debug|x64
		Debug|x86 = Debug|x86
		Release|Any CPU = Release|Any CPU
		Release|x64 = Release|x64
		Release|x86 = Release|x86
	EndGlobalSection
	GlobalSection(SolutionProperties) = preSolution
		HideSolutionNode = FALSE
	EndGlobalSection
	GlobalSection(ProjectConfigurationPlatforms) = postSolution
		{555435F0-A406-4644-B4E9-D4642C5F95FA}.Debug|Any CPU.ActiveCfg = Debug|Any CPU
		{555435F0-A406-4644-B4E9-D4642C5F95FA}.Debug|Any CPU.Build.0 = Debug|Any CPU
		{555435F0-A406-4644-B4E9-D4642C5F95FA}.Debug|x64.ActiveCfg = Debug|Any CPU
		{555435F0-A406-4644-B4E9-D4642C5F95FA}.Debug|x64.Build.0 = Debug|Any CPU
		{555435F0-A406-4644-B4E9-D4642C5F95FA}.Debug|x86.ActiveCfg = Debug|Any CPU
		{555435F0-A406-4644-B4E9-D4642C5F95FA}.Debug|x86.Build.0 = Debug|Any CPU
		{555435F0-A406-4644-B4E9-D4642C5F95FA}.Release|Any CPU.ActiveCfg = Release|Any CPU
		{555435F0-A406-4644-B4E9-D4642C5F95FA}.Release|Any CPU.Build.0 = Release|Any CPU
		{555435F0-A406-4644-B4E9-D4642C5F95FA}.Release|x64.ActiveCfg = Release|Any CPU
		{555435F0-A406-4644-B4E9-D4642C5F95FA}.Release|x64.Build.0 = Release|Any CPU
		{555435F0-A406-4644-B4E9-D4642C5F95FA}.Release|x86.ActiveCfg = Release|Any CPU
		{555435F0-A406-4644-B4E9-D4642C5F95FA}.Release|x86.Build.0 = Release|Any CPU
		{1B400EED-FE03-436D-B0DE-84573B9DF611}.Debug|Any CPU.ActiveCfg = Debug|Any CPU
		{1B400EED-FE03-436D-B0DE-84573B9DF611}.Debug|Any CPU.Build.0 = Debug|Any CPU
		{1B400EED-FE03-436D-B0DE-84573B9DF611}.Debug|x64.ActiveCfg = Debug|Any CPU
		{1B400EED-FE03-436D-B0DE-84573B9DF611}.Debug|x64.Build.0 = Debug|Any CPU
		{1B400EED-FE03-436D-B0DE-84573B9DF611}.Debug|x86.ActiveCfg = Debug|Any CPU
		{1B400EED-FE03-436D-B0DE-84573B9DF611}.Debug|x86.Build.0 = Debug|Any CPU
		{1B400EED-FE03-436D-B0DE-84573B9DF611}.Release|Any CPU.ActiveCfg = Release|Any CPU
		{1B400EED-FE03-436D-B0DE-84573B9DF611}.Release|Any CPU.Build.0 = Release|Any CPU
		{1B400EED-FE03-436D-B0DE-84573B9DF611}.Release|x64.ActiveCfg = Release|Any CPU
		{1B400EED-FE03-436D-B0DE-84573B9DF611}.Release|x64.Build.0 = Release|Any CPU
		{1B400EED-FE03-436D-B0DE-84573B9DF611}.Release|x86.ActiveCfg = Release|Any CPU
		{1B400EED-FE03-436D-B0DE-84573B9DF611}.Release|x86.Build.0 = Release|Any CPU
	EndGlobalSection
EndGlobal
